# Generated by hand for smoke-test fixture purposes only - not a real pub lock.
packages:
  utopia_ui:
    dependency: "direct main"
    description:
      name: utopia_ui
      sha256: "0000000000000000000000000000000000000000000000000000000000000000"
      url: "https://pub.dev"
    source: hosted
    version: "0.1.0"
sdks:
  dart: ">=3.4.0 <4.0.0"
